
Microsoft Visual Studio Solution File, Format Version 12.00
# Visual Studio 15
VisualStudioVersion = 15.0.26430.16
MinimumVisualStudioVersion = 10.0.40219.1
Project("{FAE04EC0-301F-11D3-BF4B-00C04F79EFBC}") = "UnitTestProject14", "UnitTestProject14\UnitTestProject14.csproj", "{182203D9-0D8D-4DF8-B4ED-FA7055CE9539}"
EndProject
Project("{FAE04EC0-301F-11D3-BF4B-00C04F79EFBC}") = "Test.Pages", "Test.Pages\Test.Pages.csproj", "{5E71F613-95BA-48B8-B911-EBD98BF96C4F}"
EndProject
Global
	GlobalSection(SolutionConfigurationPlatforms) = preSolution
		Debug|Any CPU = Debug|Any CPU
		Release|Any CPU = Release|Any CPU
	EndGlobalSection
	GlobalSection(ProjectConfigurationPlatforms) = postSolution
		{182203D9-0D8D-4DF8-B4ED-FA7055CE9539}.Debug|Any CPU.ActiveCfg = Debug|Any CPU
		{182203D9-0D8D-4DF8-B4ED-FA7055CE9539}.Debug|Any CPU.Build.0 = Debug|Any CPU
		{182203D9-0D8D-4DF8-B4ED-FA7055CE9539}.Release|Any CPU.ActiveCfg = Release|Any CPU
		{182203D9-0D8D-4DF8-B4ED-FA7055CE9539}.Release|Any CPU.Build.0 = Release|Any CPU
		{5E71F613-95BA-48B8-B911-EBD98BF96C4F}.Debug|Any CPU.ActiveCfg = Debug|Any CPU
		{5E71F613-95BA-48B8-B911-EBD98BF96C4F}.Debug|Any CPU.Build.0 = Debug|Any CPU
		{5E71F613-95BA-48B8-B911-EBD98BF96C4F}.Release|Any CPU.ActiveCfg = Release|Any CPU
		{5E71F613-95BA-48B8-B911-EBD98BF96C4F}.Release|Any CPU.Build.0 = Release|Any CPU
	EndGlobalSection
	GlobalSection(SolutionProperties) = preSolution
		HideSolutionNode = FALSE
	EndGlobalSection
EndGlobal
